
Microsoft Visual Studio Solution File, Format Version 12.00
# Visual Studio Version 17
VisualStudioVersion = 17.12.35527.113
MinimumVisualStudioVersion = 10.0.40219.1
Project("{8BC9CEB8-8B4A-11D0-8D11-00A0C91BC942}") = "PublicadorSusciptor", "PublicadorSusciptor\PublicadorSusciptor.vcxproj", "{8CD0AE0E-5532-4704-80D3-5966A76D065F}"
EndProject
Project("{8BC9CEB8-8B4A-11D0-8D11-00A0C91BC942}") = "ClientePrueba", "ClientePrueba\ClientePrueba.vcxproj", "{42DCB23B-9497-4270-8FC1-712773D958E1}"
EndProject
Global
	GlobalSection(SolutionConfigurationPlatforms) = preSolution
		Debug|x64 = Debug|x64
		Debug|x86 = Debug|x86
		Release|x64 = Release|x64
		Release|x86 = Release|x86
	EndGlobalSection
	GlobalSection(ProjectConfigurationPlatforms) = postSolution
		{8CD0AE0E-5532-4704-80D3-5966A76D065F}.Debug|x64.ActiveCfg = Debug|x64
		{8CD0AE0E-5532-4704-80D3-5966A76D065F}.Debug|x64.Build.0 = Debug|x64
		{8CD0AE0E-5532-4704-80D3-5966A76D065F}.Debug|x86.ActiveCfg = Debug|Win32
		{8CD0AE0E-5532-4704-80D3-5966A76D065F}.Debug|x86.Build.0 = Debug|Win32
		{8CD0AE0E-5532-4704-80D3-5966A76D065F}.Release|x64.ActiveCfg = Release|x64
		{8CD0AE0E-5532-4704-80D3-5966A76D065F}.Release|x64.Build.0 = Release|x64
		{8CD0AE0E-5532-4704-80D3-5966A76D065F}.Release|x86.ActiveCfg = Release|Win32
		{8CD0AE0E-5532-4704-80D3-5966A76D065F}.Release|x86.Build.0 = Release|Win32
		{42DCB23B-9497-4270-8FC1-712773D958E1}.Debug|x64.ActiveCfg = Debug|x64
		{42DCB23B-9497-4270-8FC1-712773D958E1}.Debug|x64.Build.0 = Debug|x64
		{42DCB23B-9497-4270-8FC1-712773D958E1}.Debug|x86.ActiveCfg = Debug|Win32
		{42DCB23B-9497-4270-8FC1-712773D958E1}.Debug|x86.Build.0 = Debug|Win32
		{42DCB23B-9497-4270-8FC1-712773D958E1}.Release|x64.ActiveCfg = Release|x64
		{42DCB23B-9497-4270-8FC1-712773D958E1}.Release|x64.Build.0 = Release|x64
		{42DCB23B-9497-4270-8FC1-712773D958E1}.Release|x86.ActiveCfg = Release|Win32
		{42DCB23B-9497-4270-8FC1-712773D958E1}.Release|x86.Build.0 = Release|Win32
	EndGlobalSection
	GlobalSection(SolutionProperties) = preSolution
		HideSolutionNode = FALSE
	EndGlobalSection
EndGlobal
